
Microsoft Visual Studio Solution File, Format Version 12.00
# Visual Studio 2013
VisualStudioVersion = 12.0.31101.0
MinimumVisualStudioVersion = 10.0.40219.1
Project("{FAE04EC0-301F-11D3-BF4B-00C04F79EFBC}") = "MetroLogWebTarget.Data", "MetroLogWebTarget.Data\MetroLogWebTarget.Data.csproj", "{32CEF8C5-C0B9-40BD-884A-70293FA1E345}"
EndProject
Project("{FAE04EC0-301F-11D3-BF4B-00C04F79EFBC}") = "MetroLogWebTarget.Domain", "MetroLogWebTarget.Domain\MetroLogWebTarget.Domain.csproj", "{282BBBBF-9649-48AA-9828-16783C728EB4}"
EndProject
Project("{FAE04EC0-301F-11D3-BF4B-00C04F79EFBC}") = "MetroLogWebTarget.Web", "MetroLogWebTarget.Web\MetroLogWebTarget.Web.csproj", "{7B6002C8-BCBF-4565-9A50-D79E3C78E77A}"
EndProject
Global
	GlobalSection(SolutionConfigurationPlatforms) = preSolution
		Debug|Any CPU = Debug|Any CPU
		Release|Any CPU = Release|Any CPU
	EndGlobalSection
	GlobalSection(ProjectConfigurationPlatforms) = postSolution
		{32CEF8C5-C0B9-40BD-884A-70293FA1E345}.Debug|Any CPU.ActiveCfg = Debug|Any CPU
		{32CEF8C5-C0B9-40BD-884A-70293FA1E345}.Debug|Any CPU.Build.0 = Debug|Any CPU
		{32CEF8C5-C0B9-40BD-884A-70293FA1E345}.Release|Any CPU.ActiveCfg = Release|Any CPU
		{32CEF8C5-C0B9-40BD-884A-70293FA1E345}.Release|Any CPU.Build.0 = Release|Any CPU
		{282BBBBF-9649-48AA-9828-16783C728EB4}.Debug|Any CPU.ActiveCfg = Debug|Any CPU
		{282BBBBF-9649-48AA-9828-16783C728EB4}.Debug|Any CPU.Build.0 = Debug|Any CPU
		{282BBBBF-9649-48AA-9828-16783C728EB4}.Release|Any CPU.ActiveCfg = Release|Any CPU
		{282BBBBF-9649-48AA-9828-16783C728EB4}.Release|Any CPU.Build.0 = Release|Any CPU
		{7B6002C8-BCBF-4565-9A50-D79E3C78E77A}.Debug|Any CPU.ActiveCfg = Debug|Any CPU
		{7B6002C8-BCBF-4565-9A50-D79E3C78E77A}.Debug|Any CPU.Build.0 = Debug|Any CPU
		{7B6002C8-BCBF-4565-9A50-D79E3C78E77A}.Release|Any CPU.ActiveCfg = Release|Any CPU
		{7B6002C8-BCBF-4565-9A50-D79E3C78E77A}.Release|Any CPU.Build.0 = Release|Any CPU
	EndGlobalSection
	GlobalSection(SolutionProperties) = preSolution
		HideSolutionNode = FALSE
	EndGlobalSection
EndGlobal
